// !$*UTF8*$!
{
	archiveVersion = 1;
	classes = {
	};
	objectVersion = 56;
	objects = {

/* Begin PBXBuildFile section */
		0736EE682962965900ABDE8F /* HealthStore in Frameworks */ = {isa = PBXBuildFile; productRef = 0736EE672962965900ABDE8F /* HealthStore */; };
		0736EE6A2962966D00ABDE8F /* CocoaLumberjack in Frameworks */ = {isa = PBXBuildFile; productRef = 0736EE692962966D00ABDE8F /* CocoaLumberjack */; };
		0736EE6C2962966D00ABDE8F /* CocoaLumberjackSwift in Frameworks */ = {isa = PBXBuildFile; productRef = 0736EE6B2962966D00ABDE8F /* CocoaLumberjackSwift */; };
		07E9E891295FF8AD00029E2B /* SymptomsApp.swift in Sources */ = {isa = PBXBuildFile; fileRef = 07E9E890295FF8AD00029E2B /* SymptomsApp.swift */; };
		07E9E893295FF8AD00029E2B /* ContentView.swift in Sources */ = {isa = PBXBuildFile; fileRef = 07E9E892295FF8AD00029E2B /* ContentView.swift */; };
		07E9E895295FF8B100029E2B /* Assets.xcassets in Resources */ = {isa = PBXBuildFile; fileRef = 07E9E894295FF8B100029E2B /* Assets.xcassets */; };
		07E9E899295FF8B100029E2B /* Preview Assets.xcassets in Resources */ = {isa = PBXBuildFile; fileRef = 07E9E898295FF8B100029E2B /* Preview Assets.xcassets */; };
		07E9E8A3295FF8B100029E2B /* SymptomsTests.swift in Sources */ = {isa = PBXBuildFile; fileRef = 07E9E8A2295FF8B100029E2B /* SymptomsTests.swift */; };
		07E9E8AD295FF8B100029E2B /* SymptomsUITests.swift in Sources */ = {isa = PBXBuildFile; fileRef = 07E9E8AC295FF8B100029E2B /* SymptomsUITests.swift */; };
		07E9E8AF295FF8B100029E2B /* SymptomsUITestsLaunchTests.swift in Sources */ = {isa = PBXBuildFile; fileRef = 07E9E8AE295FF8B100029E2B /* SymptomsUITestsLaunchTests.swift */; };
		07E9E8F0295FFB9A00029E2B /* SymptomsWatchApp.swift in Sources */ = {isa = PBXBuildFile; fileRef = 07E9E8EF295FFB9A00029E2B /* SymptomsWatchApp.swift */; };
		07E9E8F2295FFB9A00029E2B /* ContentView.swift in Sources */ = {isa = PBXBuildFile; fileRef = 07E9E8F1295FFB9A00029E2B /* ContentView.swift */; };
		07E9E8F4295FFB9D00029E2B /* Assets.xcassets in Resources */ = {isa = PBXBuildFile; fileRef = 07E9E8F3295FFB9D00029E2B /* Assets.xcassets */; };
		07E9E8F7295FFB9D00029E2B /* Preview Assets.xcassets in Resources */ = {isa = PBXBuildFile; fileRef = 07E9E8F6295FFB9D00029E2B /* Preview Assets.xcassets */; };
		07E9E901295FFB9D00029E2B /* SymptomsWatch_Watch_AppTests.swift in Sources */ = {isa = PBXBuildFile; fileRef = 07E9E900295FFB9D00029E2B /* SymptomsWatch_Watch_AppTests.swift */; };
		07E9E90B295FFB9D00029E2B /* SymptomsWatch_Watch_AppUITests.swift in Sources */ = {isa = PBXBuildFile; fileRef = 07E9E90A295FFB9D00029E2B /* SymptomsWatch_Watch_AppUITests.swift */; };
		07E9E90D295FFB9D00029E2B /* SymptomsWatch_Watch_AppUITestsLaunchTests.swift in Sources */ = {isa = PBXBuildFile; fileRef = 07E9E90C295FFB9D00029E2B /* SymptomsWatch_Watch_AppUITestsLaunchTests.swift */; };
		07E9E91F296270F900029E2B /* CocoaLumberjack in Frameworks */ = {isa = PBXBuildFile; productRef = 07E9E91E296270F900029E2B /* CocoaLumberjack */; };
		07E9E921296270F900029E2B /* CocoaLumberjackSwift in Frameworks */ = {isa = PBXBuildFile; productRef = 07E9E920296270F900029E2B /* CocoaLumberjackSwift */; };
		07E9E925296276DA00029E2B /* HealthStore in Frameworks */ = {isa = PBXBuildFile; productRef = 07E9E924296276DA00029E2B /* HealthStore */; };
/* End PBXBuildFile section */

/* Begin PBXContainerItemProxy section */
		07E9E89F295FF8B100029E2B /* PBXContainerItemProxy */ = {
			isa = PBXContainerItemProxy;
			containerPortal = 07E9E885295FF8AD00029E2B /* Project object */;
			proxyType = 1;
			remoteGlobalIDString = 07E9E88C295FF8AD00029E2B;
			remoteInfo = Symptoms;
		};
		07E9E8A9295FF8B100029E2B /* PBXContainerItemProxy */ = {
			isa = PBXContainerItemProxy;
			containerPortal = 07E9E885295FF8AD00029E2B /* Project object */;
			proxyType = 1;
			remoteGlobalIDString = 07E9E88C295FF8AD00029E2B;
			remoteInfo = Symptoms;
		};
		07E9E8FD295FFB9D00029E2B /* PBXContainerItemProxy */ = {
			isa = PBXContainerItemProxy;
			containerPortal = 07E9E885295FF8AD00029E2B /* Project object */;
			proxyType = 1;
			remoteGlobalIDString = 07E9E8EC295FFB9A00029E2B;
			remoteInfo = "SymptomsWatch Watch App";
		};
		07E9E907295FFB9D00029E2B /* PBXContainerItemProxy */ = {
			isa = PBXContainerItemProxy;
			containerPortal = 07E9E885295FF8AD00029E2B /* Project object */;
			proxyType = 1;
			remoteGlobalIDString = 07E9E8EC295FFB9A00029E2B;
			remoteInfo = "SymptomsWatch Watch App";
		};
/* End PBXContainerItemProxy section */

/* Begin PBXFileReference section */
		0736EE652962961900ABDE8F /* HealthStore */ = {isa = PBXFileReference; lastKnownFileType = wrapper; name = HealthStore; path = ../HealthStore; sourceTree = "<group>"; };
		07E9E88D295FF8AD00029E2B /* Symptoms.app */ = {isa = PBXFileReference; explicitFileType = wrapper.application; includeInIndex = 0; path = Symptoms.app; sourceTree = BUILT_PRODUCTS_DIR; };
		07E9E890295FF8AD00029E2B /* SymptomsApp.swift */ = {isa = PBXFileReference; lastKnownFileType = sourcecode.swift; path = SymptomsApp.swift; sourceTree = "<group>"; };
		07E9E892295FF8AD00029E2B /* ContentView.swift */ = {isa = PBXFileReference; lastKnownFileType = sourcecode.swift; path = ContentView.swift; sourceTree = "<group>"; };
		07E9E894295FF8B100029E2B /* Assets.xcassets */ = {isa = PBXFileReference; lastKnownFileType = folder.assetcatalog; path = Assets.xcassets; sourceTree = "<group>"; };
		07E9E896295FF8B100029E2B /* Symptoms.entitlements */ = {isa = PBXFileReference; lastKnownFileType = text.plist.entitlements; path = Symptoms.entitlements; sourceTree = "<group>"; };
		07E9E898295FF8B100029E2B /* Preview Assets.xcassets */ = {isa = PBXFileReference; lastKnownFileType = folder.assetcatalog; path = "Preview Assets.xcassets"; sourceTree = "<group>"; };
		07E9E89E295FF8B100029E2B /* SymptomsTests.xctest */ = {isa = PBXFileReference; explicitFileType = wrapper.cfbundle; includeInIndex = 0; path = SymptomsTests.xctest; sourceTree = BUILT_PRODUCTS_DIR; };
		07E9E8A2295FF8B100029E2B /* SymptomsTests.swift */ = {isa = PBXFileReference; lastKnownFileType = sourcecode.swift; path = SymptomsTests.swift; sourceTree = "<group>"; };
		07E9E8A8295FF8B100029E2B /* SymptomsUITests.xctest */ = {isa = PBXFileReference; explicitFileType = wrapper.cfbundle; includeInIndex = 0; path = SymptomsUITests.xctest; sourceTree = BUILT_PRODUCTS_DIR; };
		07E9E8AC295FF8B100029E2B /* SymptomsUITests.swift */ = {isa = PBXFileReference; lastKnownFileType = sourcecode.swift; path = SymptomsUITests.swift; sourceTree = "<group>"; };
		07E9E8AE295FF8B100029E2B /* SymptomsUITestsLaunchTests.swift */ = {isa = PBXFileReference; lastKnownFileType = sourcecode.swift; path = SymptomsUITestsLaunchTests.swift; sourceTree = "<group>"; };
		07E9E8ED295FFB9A00029E2B /* SymptomsWatch Watch App.app */ = {isa = PBXFileReference; explicitFileType = wrapper.application; includeInIndex = 0; path = "SymptomsWatch Watch App.app"; sourceTree = BUILT_PRODUCTS_DIR; };
		07E9E8EF295FFB9A00029E2B /* SymptomsWatchApp.swift */ = {isa = PBXFileReference; lastKnownFileType = sourcecode.swift; path = SymptomsWatchApp.swift; sourceTree = "<group>"; };
		07E9E8F1295FFB9A00029E2B /* ContentView.swift */ = {isa = PBXFileReference; lastKnownFileType = sourcecode.swift; path = ContentView.swift; sourceTree = "<group>"; };
		07E9E8F3295FFB9D00029E2B /* Assets.xcassets */ = {isa = PBXFileReference; lastKnownFileType = folder.assetcatalog; path = Assets.xcassets; sourceTree = "<group>"; };
		07E9E8F6295FFB9D00029E2B /* Preview Assets.xcassets */ = {isa = PBXFileReference; lastKnownFileType = folder.assetcatalog; path = "Preview Assets.xcassets"; sourceTree = "<group>"; };
		07E9E8FC295FFB9D00029E2B /* SymptomsWatch Watch AppTests.xctest */ = {isa = PBXFileReference; explicitFileType = wrapper.cfbundle; includeInIndex = 0; path = "SymptomsWatch Watch AppTests.xctest"; sourceTree = BUILT_PRODUCTS_DIR; };
		07E9E900295FFB9D00029E2B /* SymptomsWatch_Watch_AppTests.swift */ = {isa = PBXFileReference; lastKnownFileType = sourcecode.swift; path = SymptomsWatch_Watch_AppTests.swift; sourceTree = "<group>"; };
		07E9E906295FFB9D00029E2B /* SymptomsWatch Watch AppUITests.xctest */ = {isa = PBXFileReference; explicitFileType = wrapper.cfbundle; includeInIndex = 0; path = "SymptomsWatch Watch AppUITests.xctest"; sourceTree = BUILT_PRODUCTS_DIR; };
		07E9E90A295FFB9D00029E2B /* SymptomsWatch_Watch_AppUITests.swift */ = {isa = PBXFileReference; lastKnownFileType = sourcecode.swift; path = SymptomsWatch_Watch_AppUITests.swift; sourceTree = "<group>"; };
		07E9E90C295FFB9D00029E2B /* SymptomsWatch_Watch_AppUITestsLaunchTests.swift */ = {isa = PBXFileReference; lastKnownFileType = sourcecode.swift; path = SymptomsWatch_Watch_AppUITestsLaunchTests.swift; sourceTree = "<group>"; };
		07E9E91B295FFE9200029E2B /* SymptomsWatch Watch App.entitlements */ = {isa = PBXFileReference; lastKnownFileType = text.plist.entitlements; path = "SymptomsWatch Watch App.entitlements"; sourceTree = "<group>"; };
		07E9E91C29600B4100029E2B /* Info.plist */ = {isa = PBXFileReference; lastKnownFileType = text.plist; path = Info.plist; sourceTree = "<group>"; };
/* End PBXFileReference section */

/* Begin PBXFrameworksBuildPhase section */
		07E9E88A295FF8AD00029E2B /* Frameworks */ = {
			isa = PBXFrameworksBuildPhase;
			buildActionMask = 2147483647;
			files = (
				07E9E925296276DA00029E2B /* HealthStore in Frameworks */,
				07E9E921296270F900029E2B /* CocoaLumberjackSwift in Frameworks */,
				07E9E91F296270F900029E2B /* CocoaLumberjack in Frameworks */,
			);
			runOnlyForDeploymentPostprocessing = 0;
		};
		07E9E89B295FF8B100029E2B /* Frameworks */ = {
			isa = PBXFrameworksBuildPhase;
			buildActionMask = 2147483647;
			files = (
			);
			runOnlyForDeploymentPostprocessing = 0;
		};
		07E9E8A5295FF8B100029E2B /* Frameworks */ = {
			isa = PBXFrameworksBuildPhase;
			buildActionMask = 2147483647;
			files = (
			);
			runOnlyForDeploymentPostprocessing = 0;
		};
		07E9E8EA295FFB9A00029E2B /* Frameworks */ = {
			isa = PBXFrameworksBuildPhase;
			buildActionMask = 2147483647;
			files = (
				0736EE6A2962966D00ABDE8F /* CocoaLumberjack in Frameworks */,
				0736EE682962965900ABDE8F /* HealthStore in Frameworks */,
				0736EE6C2962966D00ABDE8F /* CocoaLumberjackSwift in Frameworks */,
			);
			runOnlyForDeploymentPostprocessing = 0;
		};
		07E9E8F9295FFB9D00029E2B /* Frameworks */ = {
			isa = PBXFrameworksBuildPhase;
			buildActionMask = 2147483647;
			files = (
			);
			runOnlyForDeploymentPostprocessing = 0;
		};
		07E9E903295FFB9D00029E2B /* Frameworks */ = {
			isa = PBXFrameworksBuildPhase;
			buildActionMask = 2147483647;
			files = (
			);
			runOnlyForDeploymentPostprocessing = 0;
		};
/* End PBXFrameworksBuildPhase section */

/* Begin PBXGroup section */
		0736EE662962964E00ABDE8F /* Frameworks */ = {
			isa = PBXGroup;
			children = (
			);
			name = Frameworks;
			sourceTree = "<group>";
		};
		07E9E884295FF8AD00029E2B = {
			isa = PBXGroup;
			children = (
				0736EE652962961900ABDE8F /* HealthStore */,
				07E9E88F295FF8AD00029E2B /* Symptoms */,
				07E9E8A1295FF8B100029E2B /* SymptomsTests */,
				07E9E8AB295FF8B100029E2B /* SymptomsUITests */,
				07E9E8EE295FFB9A00029E2B /* SymptomsWatch Watch App */,
				07E9E8FF295FFB9D00029E2B /* SymptomsWatch Watch AppTests */,
				07E9E909295FFB9D00029E2B /* SymptomsWatch Watch AppUITests */,
				07E9E88E295FF8AD00029E2B /* Products */,
				0736EE662962964E00ABDE8F /* Frameworks */,
			);
			sourceTree = "<group>";
		};
		07E9E88E295FF8AD00029E2B /* Products */ = {
			isa = PBXGroup;
			children = (
				07E9E88D295FF8AD00029E2B /* Symptoms.app */,
				07E9E89E295FF8B100029E2B /* SymptomsTests.xctest */,
				07E9E8A8295FF8B100029E2B /* SymptomsUITests.xctest */,
				07E9E8ED295FFB9A00029E2B /* SymptomsWatch Watch App.app */,
				07E9E8FC295FFB9D00029E2B /* SymptomsWatch Watch AppTests.xctest */,
				07E9E906295FFB9D00029E2B /* SymptomsWatch Watch AppUITests.xctest */,
			);
			name = Products;
			sourceTree = "<group>";
		};
		07E9E88F295FF8AD00029E2B /* Symptoms */ = {
			isa = PBXGroup;
			children = (
				07E9E91C29600B4100029E2B /* Info.plist */,
				07E9E890295FF8AD00029E2B /* SymptomsApp.swift */,
				07E9E892295FF8AD00029E2B /* ContentView.swift */,
				07E9E91A295FFC0100029E2B /* Model */,
				07E9E894295FF8B100029E2B /* Assets.xcassets */,
				07E9E896295FF8B100029E2B /* Symptoms.entitlements */,
				07E9E897295FF8B100029E2B /* Preview Content */,
			);
			path = Symptoms;
			sourceTree = "<group>";
		};
		07E9E897295FF8B100029E2B /* Preview Content */ = {
			isa = PBXGroup;
			children = (
				07E9E898295FF8B100029E2B /* Preview Assets.xcassets */,
			);
			path = "Preview Content";
			sourceTree = "<group>";
		};
		07E9E8A1295FF8B100029E2B /* SymptomsTests */ = {
			isa = PBXGroup;
			children = (
				07E9E8A2295FF8B100029E2B /* SymptomsTests.swift */,
			);
			path = SymptomsTests;
			sourceTree = "<group>";
		};
		07E9E8AB295FF8B100029E2B /* SymptomsUITests */ = {
			isa = PBXGroup;
			children = (
				07E9E8AC295FF8B100029E2B /* SymptomsUITests.swift */,
				07E9E8AE295FF8B100029E2B /* SymptomsUITestsLaunchTests.swift */,
			);
			path = SymptomsUITests;
			sourceTree = "<group>";
		};
		07E9E8EE295FFB9A00029E2B /* SymptomsWatch Watch App */ = {
			isa = PBXGroup;
			children = (
				07E9E91B295FFE9200029E2B /* SymptomsWatch Watch App.entitlements */,
				07E9E8EF295FFB9A00029E2B /* SymptomsWatchApp.swift */,
				07E9E8F1295FFB9A00029E2B /* ContentView.swift */,
				07E9E8F3295FFB9D00029E2B /* Assets.xcassets */,
				07E9E8F5295FFB9D00029E2B /* Preview Content */,
			);
			path = "SymptomsWatch Watch App";
			sourceTree = "<group>";
		};
		07E9E8F5295FFB9D00029E2B /* Preview Content */ = {
			isa = PBXGroup;
			children = (
				07E9E8F6295FFB9D00029E2B /* Preview Assets.xcassets */,
			);
			path = "Preview Content";
			sourceTree = "<group>";
		};
		07E9E8FF295FFB9D00029E2B /* SymptomsWatch Watch AppTests */ = {
			isa = PBXGroup;
			children = (
				07E9E900295FFB9D00029E2B /* SymptomsWatch_Watch_AppTests.swift */,
			);
			path = "SymptomsWatch Watch AppTests";
			sourceTree = "<group>";
		};
		07E9E909295FFB9D00029E2B /* SymptomsWatch Watch AppUITests */ = {
			isa = PBXGroup;
			children = (
				07E9E90A295FFB9D00029E2B /* SymptomsWatch_Watch_AppUITests.swift */,
				07E9E90C295FFB9D00029E2B /* SymptomsWatch_Watch_AppUITestsLaunchTests.swift */,
			);
			path = "SymptomsWatch Watch AppUITests";
			sourceTree = "<group>";
		};
		07E9E91A295FFC0100029E2B /* Model */ = {
			isa = PBXGroup;
			children = (
			);
			path = Model;
			sourceTree = "<group>";
		};
/* End PBXGroup section */

/* Begin PBXNativeTarget section */
		07E9E88C295FF8AD00029E2B /* Symptoms */ = {
			isa = PBXNativeTarget;
			buildConfigurationList = 07E9E8B2295FF8B100029E2B /* Build configuration list for PBXNativeTarget "Symptoms" */;
			buildPhases = (
				07E9E889295FF8AD00029E2B /* Sources */,
				07E9E88A295FF8AD00029E2B /* Frameworks */,
				07E9E88B295FF8AD00029E2B /* Resources */,
			);
			buildRules = (
			);
			dependencies = (
			);
			name = Symptoms;
			packageProductDependencies = (
				07E9E91E296270F900029E2B /* CocoaLumberjack */,
				07E9E920296270F900029E2B /* CocoaLumberjackSwift */,
				07E9E924296276DA00029E2B /* HealthStore */,
			);
			productName = Symptoms;
			productReference = 07E9E88D295FF8AD00029E2B /* Symptoms.app */;
			productType = "com.apple.product-type.application";
		};
		07E9E89D295FF8B100029E2B /* SymptomsTests */ = {
			isa = PBXNativeTarget;
			buildConfigurationList = 07E9E8B5295FF8B100029E2B /* Build configuration list for PBXNativeTarget "SymptomsTests" */;
			buildPhases = (
				07E9E89A295FF8B100029E2B /* Sources */,
				07E9E89B295FF8B100029E2B /* Frameworks */,
				07E9E89C295FF8B100029E2B /* Resources */,
			);
			buildRules = (
			);
			dependencies = (
				07E9E8A0295FF8B100029E2B /* PBXTargetDependency */,
			);
			name = SymptomsTests;
			productName = SymptomsTests;
			productReference = 07E9E89E295FF8B100029E2B /* SymptomsTests.xctest */;
			productType = "com.apple.product-type.bundle.unit-test";
		};
		07E9E8A7295FF8B100029E2B /* SymptomsUITests */ = {
			isa = PBXNativeTarget;
			buildConfigurationList = 07E9E8B8295FF8B100029E2B /* Build configuration list for PBXNativeTarget "SymptomsUITests" */;
			buildPhases = (
				07E9E8A4295FF8B100029E2B /* Sources */,
				07E9E8A5295FF8B100029E2B /* Frameworks */,
				07E9E8A6295FF8B100029E2B /* Resources */,
			);
			buildRules = (
			);
			dependencies = (
				07E9E8AA295FF8B100029E2B /* PBXTargetDependency */,
			);
			name = SymptomsUITests;
			productName = SymptomsUITests;
			productReference = 07E9E8A8295FF8B100029E2B /* SymptomsUITests.xctest */;
			productType = "com.apple.product-type.bundle.ui-testing";
		};
		07E9E8EC295FFB9A00029E2B /* SymptomsWatch Watch App */ = {
			isa = PBXNativeTarget;
			buildConfigurationList = 07E9E90E295FFB9D00029E2B /* Build configuration list for PBXNativeTarget "SymptomsWatch Watch App" */;
			buildPhases = (
				07E9E8E9295FFB9A00029E2B /* Sources */,
				07E9E8EA295FFB9A00029E2B /* Frameworks */,
				07E9E8EB295FFB9A00029E2B /* Resources */,
			);
			buildRules = (
			);
			dependencies = (
			);
			name = "SymptomsWatch Watch App";
			packageProductDependencies = (
				0736EE672962965900ABDE8F /* HealthStore */,
				0736EE692962966D00ABDE8F /* CocoaLumberjack */,
				0736EE6B2962966D00ABDE8F /* CocoaLumberjackSwift */,
			);
			productName = "SymptomsWatch Watch App";
			productReference = 07E9E8ED295FFB9A00029E2B /* SymptomsWatch Watch App.app */;
			productType = "com.apple.product-type.application";
		};
		07E9E8FB295FFB9D00029E2B /* SymptomsWatch Watch AppTests */ = {
			isa = PBXNativeTarget;
			buildConfigurationList = 07E9E911295FFB9D00029E2B /* Build configuration list for PBXNativeTarget "SymptomsWatch Watch AppTests" */;
			buildPhases = (
				07E9E8F8295FFB9D00029E2B /* Sources */,
				07E9E8F9295FFB9D00029E2B /* Frameworks */,
				07E9E8FA295FFB9D00029E2B /* Resources */,
			);
			buildRules = (
			);
			dependencies = (
				07E9E8FE295FFB9D00029E2B /* PBXTargetDependency */,
			);
			name = "SymptomsWatch Watch AppTests";
			productName = "SymptomsWatch Watch AppTests";
			productReference = 07E9E8FC295FFB9D00029E2B /* SymptomsWatch Watch AppTests.xctest */;
			productType = "com.apple.product-type.bundle.unit-test";
		};
		07E9E905295FFB9D00029E2B /* SymptomsWatch Watch AppUITests */ = {
			isa = PBXNativeTarget;
			buildConfigurationList = 07E9E914295FFB9D00029E2B /* Build configuration list for PBXNativeTarget "SymptomsWatch Watch AppUITests" */;
			buildPhases = (
				07E9E902295FFB9D00029E2B /* Sources */,
				07E9E903295FFB9D00029E2B /* Frameworks */,
				07E9E904295FFB9D00029E2B /* Resources */,
			);
			buildRules = (
			);
			dependencies = (
				07E9E908295FFB9D00029E2B /* PBXTargetDependency */,
			);
			name = "SymptomsWatch Watch AppUITests";
			productName = "SymptomsWatch Watch AppUITests";
			productReference = 07E9E906295FFB9D00029E2B /* SymptomsWatch Watch AppUITests.xctest */;
			productType = "com.apple.product-type.bundle.ui-testing";
		};
/* End PBXNativeTarget section */

/* Begin PBXProject section */
		07E9E885295FF8AD00029E2B /* Project object */ = {
			isa = PBXProject;
			attributes = {
				BuildIndependentTargetsInParallel = 1;
				LastSwiftUpdateCheck = 1410;
				LastUpgradeCheck = 1410;
				TargetAttributes = {
					07E9E88C295FF8AD00029E2B = {
						CreatedOnToolsVersion = 14.1;
					};
					07E9E89D295FF8B100029E2B = {
						CreatedOnToolsVersion = 14.1;
						TestTargetID = 07E9E88C295FF8AD00029E2B;
					};
					07E9E8A7295FF8B100029E2B = {
						CreatedOnToolsVersion = 14.1;
						TestTargetID = 07E9E88C295FF8AD00029E2B;
					};
					07E9E8EC295FFB9A00029E2B = {
						CreatedOnToolsVersion = 14.1;
					};
					07E9E8FB295FFB9D00029E2B = {
						CreatedOnToolsVersion = 14.1;
						TestTargetID = 07E9E8EC295FFB9A00029E2B;
					};
					07E9E905295FFB9D00029E2B = {
						CreatedOnToolsVersion = 14.1;
						TestTargetID = 07E9E8EC295FFB9A00029E2B;
					};
				};
			};
			buildConfigurationList = 07E9E888295FF8AD00029E2B /* Build configuration list for PBXProject "Symptoms" */;
			compatibilityVersion = "Xcode 14.0";
			developmentRegion = en;
			hasScannedForEncodings = 0;
			knownRegions = (
				en,
				Base,
			);
			mainGroup = 07E9E884295FF8AD00029E2B;
			packageReferences = (
				07E9E91D296270F900029E2B /* XCRemoteSwiftPackageReference "CocoaLumberjack" */,
				07E9E923296276DA00029E2B /* XCRemoteSwiftPackageReference "HealthStore" */,
			);
			productRefGroup = 07E9E88E295FF8AD00029E2B /* Products */;
			projectDirPath = "";
			projectRoot = "";
			targets = (
				07E9E88C295FF8AD00029E2B /* Symptoms */,
				07E9E89D295FF8B100029E2B /* SymptomsTests */,
				07E9E8A7295FF8B100029E2B /* SymptomsUITests */,
				07E9E8EC295FFB9A00029E2B /* SymptomsWatch Watch App */,
				07E9E8FB295FFB9D00029E2B /* SymptomsWatch Watch AppTests */,
				07E9E905295FFB9D00029E2B /* SymptomsWatch Watch AppUITests */,
			);
		};
/* End PBXProject section */

/* Begin PBXResourcesBuildPhase section */
		07E9E88B295FF8AD00029E2B /* Resources */ = {
			isa = PBXResourcesBuildPhase;
			buildActionMask = 2147483647;
			files = (
				07E9E899295FF8B100029E2B /* Preview Assets.xcassets in Resources */,
				07E9E895295FF8B100029E2B /* Assets.xcassets in Resources */,
			);
			runOnlyForDeploymentPostprocessing = 0;
		};
		07E9E89C295FF8B100029E2B /* Resources */ = {
			isa = PBXResourcesBuildPhase;
			buildActionMask = 2147483647;
			files = (
			);
			runOnlyForDeploymentPostprocessing = 0;
		};
		07E9E8A6295FF8B100029E2B /* Resources */ = {
			isa = PBXResourcesBuildPhase;
			buildActionMask = 2147483647;
			files = (
			);
			runOnlyForDeploymentPostprocessing = 0;
		};
		07E9E8EB295FFB9A00029E2B /* Resources */ = {
			isa = PBXResourcesBuildPhase;
			buildActionMask = 2147483647;
			files = (
				07E9E8F7295FFB9D00029E2B /* Preview Assets.xcassets in Resources */,
				07E9E8F4295FFB9D00029E2B /* Assets.xcassets in Resources */,
			);
			runOnlyForDeploymentPostprocessing = 0;
		};
		07E9E8FA295FFB9D00029E2B /* Resources */ = {
			isa = PBXResourcesBuildPhase;
			buildActionMask = 2147483647;
			files = (
			);
			runOnlyForDeploymentPostprocessing = 0;
		};
		07E9E904295FFB9D00029E2B /* Resources */ = {
			isa = PBXResourcesBuildPhase;
			buildActionMask = 2147483647;
			files = (
			);
			runOnlyForDeploymentPostprocessing = 0;
		};
/* End PBXResourcesBuildPhase section */

/* Begin PBXSourcesBuildPhase section */
		07E9E889295FF8AD00029E2B /* Sources */ = {
			isa = PBXSourcesBuildPhase;
			buildActionMask = 2147483647;
			files = (
				07E9E893295FF8AD00029E2B /* ContentView.swift in Sources */,
				07E9E891295FF8AD00029E2B /* SymptomsApp.swift in Sources */,
			);
			runOnlyForDeploymentPostprocessing = 0;
		};
		07E9E89A295FF8B100029E2B /* Sources */ = {
			isa = PBXSourcesBuildPhase;
			buildActionMask = 2147483647;
			files = (
				07E9E8A3295FF8B100029E2B /* SymptomsTests.swift in Sources */,
			);
			runOnlyForDeploymentPostprocessing = 0;
		};
		07E9E8A4295FF8B100029E2B /* Sources */ = {
			isa = PBXSourcesBuildPhase;
			buildActionMask = 2147483647;
			files = (
				07E9E8AF295FF8B100029E2B /* SymptomsUITestsLaunchTests.swift in Sources */,
				07E9E8AD295FF8B100029E2B /* SymptomsUITests.swift in Sources */,
			);
			runOnlyForDeploymentPostprocessing = 0;
		};
		07E9E8E9295FFB9A00029E2B /* Sources */ = {
			isa = PBXSourcesBuildPhase;
			buildActionMask = 2147483647;
			files = (
				07E9E8F2295FFB9A00029E2B /* ContentView.swift in Sources */,
				07E9E8F0295FFB9A00029E2B /* SymptomsWatchApp.swift in Sources */,
			);
			runOnlyForDeploymentPostprocessing = 0;
		};
		07E9E8F8295FFB9D00029E2B /* Sources */ = {
			isa = PBXSourcesBuildPhase;
			buildActionMask = 2147483647;
			files = (
				07E9E901295FFB9D00029E2B /* SymptomsWatch_Watch_AppTests.swift in Sources */,
			);
			runOnlyForDeploymentPostprocessing = 0;
		};
		07E9E902295FFB9D00029E2B /* Sources */ = {
			isa = PBXSourcesBuildPhase;
			buildActionMask = 2147483647;
			files = (
				07E9E90D295FFB9D00029E2B /* SymptomsWatch_Watch_AppUITestsLaunchTests.swift in Sources */,
				07E9E90B295FFB9D00029E2B /* SymptomsWatch_Watch_AppUITests.swift in Sources */,
			);
			runOnlyForDeploymentPostprocessing = 0;
		};
/* End PBXSourcesBuildPhase section */

/* Begin PBXTargetDependency section */
		07E9E8A0295FF8B100029E2B /* PBXTargetDependency */ = {
			isa = PBXTargetDependency;
			target = 07E9E88C295FF8AD00029E2B /* Symptoms */;
			targetProxy = 07E9E89F295FF8B100029E2B /* PBXContainerItemProxy */;
		};
		07E9E8AA295FF8B100029E2B /* PBXTargetDependency */ = {
			isa = PBXTargetDependency;
			target = 07E9E88C295FF8AD00029E2B /* Symptoms */;
			targetProxy = 07E9E8A9295FF8B100029E2B /* PBXContainerItemProxy */;
		};
		07E9E8FE295FFB9D00029E2B /* PBXTargetDependency */ = {
			isa = PBXTargetDependency;
			target = 07E9E8EC295FFB9A00029E2B /* SymptomsWatch Watch App */;
			targetProxy = 07E9E8FD295FFB9D00029E2B /* PBXContainerItemProxy */;
		};
		07E9E908295FFB9D00029E2B /* PBXTargetDependency */ = {
			isa = PBXTargetDependency;
			target = 07E9E8EC295FFB9A00029E2B /* SymptomsWatch Watch App */;
			targetProxy = 07E9E907295FFB9D00029E2B /* PBXContainerItemProxy */;
		};
/* End PBXTargetDependency section */

/* Begin XCBuildConfiguration section */
		07E9E8B0295FF8B100029E2B /* Debug */ = {
			isa = XCBuildConfiguration;
			buildSettings = {
				ALWAYS_SEARCH_USER_PATHS = NO;
				CLANG_ANALYZER_NONNULL = YES;
				CLANG_ANALYZER_NUMBER_OBJECT_CONVERSION = YES_AGGRESSIVE;
				CLANG_CXX_LANGUAGE_STANDARD = "gnu++20";
				CLANG_ENABLE_MODULES = YES;
				CLANG_ENABLE_OBJC_ARC = YES;
				CLANG_ENABLE_OBJC_WEAK = YES;
				CLANG_WARN_BLOCK_CAPTURE_AUTORELEASING = YES;
				CLANG_WARN_BOOL_CONVERSION = YES;
				CLANG_WARN_COMMA = YES;
				CLANG_WARN_CONSTANT_CONVERSION = YES;
				CLANG_WARN_DEPRECATED_OBJC_IMPLEMENTATIONS = YES;
				CLANG_WARN_DIRECT_OBJC_ISA_USAGE = YES_ERROR;
				CLANG_WARN_DOCUMENTATION_COMMENTS = YES;
				CLANG_WARN_EMPTY_BODY = YES;
				CLANG_WARN_ENUM_CONVERSION = YES;
				CLANG_WARN_INFINITE_RECURSION = YES;
				CLANG_WARN_INT_CONVERSION = YES;
				CLANG_WARN_NON_LITERAL_NULL_CONVERSION = YES;
				CLANG_WARN_OBJC_IMPLICIT_RETAIN_SELF = YES;
				CLANG_WARN_OBJC_LITERAL_CONVERSION = YES;
				CLANG_WARN_OBJC_ROOT_CLASS = YES_ERROR;
				CLANG_WARN_QUOTED_INCLUDE_IN_FRAMEWORK_HEADER = YES;
				CLANG_WARN_RANGE_LOOP_ANALYSIS = YES;
				CLANG_WARN_STRICT_PROTOTYPES = YES;
				CLANG_WARN_SUSPICIOUS_MOVE = YES;
				CLANG_WARN_UNGUARDED_AVAILABILITY = YES_AGGRESSIVE;
				CLANG_WARN_UNREACHABLE_CODE = YES;
				CLANG_WARN__DUPLICATE_METHOD_MATCH = YES;
				COPY_PHASE_STRIP = NO;
				DEBUG_INFORMATION_FORMAT = dwarf;
				ENABLE_STRICT_OBJC_MSGSEND = YES;
				ENABLE_TESTABILITY = YES;
				GCC_C_LANGUAGE_STANDARD = gnu11;
				GCC_DYNAMIC_NO_PIC = NO;
				GCC_NO_COMMON_BLOCKS = YES;
				GCC_OPTIMIZATION_LEVEL = 0;
				GCC_PREPROCESSOR_DEFINITIONS = (
					"DEBUG=1",
					"$(inherited)",
				);
				GCC_WARN_64_TO_32_BIT_CONVERSION = YES;
				GCC_WARN_ABOUT_RETURN_TYPE = YES_ERROR;
				GCC_WARN_UNDECLARED_SELECTOR = YES;
				GCC_WARN_UNINITIALIZED_AUTOS = YES_AGGRESSIVE;
				GCC_WARN_UNUSED_FUNCTION = YES;
				GCC_WARN_UNUSED_VARIABLE = YES;
				MTL_ENABLE_DEBUG_INFO = INCLUDE_SOURCE;
				MTL_FAST_MATH = YES;
				ONLY_ACTIVE_ARCH = YES;
				SWIFT_ACTIVE_COMPILATION_CONDITIONS = DEBUG;
				SWIFT_OPTIMIZATION_LEVEL = "-Onone";
			};
			name = Debug;
		};
		07E9E8B1295FF8B100029E2B /* Release */ = {
			isa = XCBuildConfiguration;
			buildSettings = {
				ALWAYS_SEARCH_USER_PATHS = NO;
				CLANG_ANALYZER_NONNULL = YES;
				CLANG_ANALYZER_NUMBER_OBJECT_CONVERSION = YES_AGGRESSIVE;
				CLANG_CXX_LANGUAGE_STANDARD = "gnu++20";
				CLANG_ENABLE_MODULES = YES;
				CLANG_ENABLE_OBJC_ARC = YES;
				CLANG_ENABLE_OBJC_WEAK = YES;
				CLANG_WARN_BLOCK_CAPTURE_AUTORELEASING = YES;
				CLANG_WARN_BOOL_CONVERSION = YES;
				CLANG_WARN_COMMA = YES;
				CLANG_WARN_CONSTANT_CONVERSION = YES;
				CLANG_WARN_DEPRECATED_OBJC_IMPLEMENTATIONS = YES;
				CLANG_WARN_DIRECT_OBJC_ISA_USAGE = YES_ERROR;
				CLANG_WARN_DOCUMENTATION_COMMENTS = YES;
				CLANG_WARN_EMPTY_BODY = YES;
				CLANG_WARN_ENUM_CONVERSION = YES;
				CLANG_WARN_INFINITE_RECURSION = YES;
				CLANG_WARN_INT_CONVERSION = YES;
				CLANG_WARN_NON_LITERAL_NULL_CONVERSION = YES;
				CLANG_WARN_OBJC_IMPLICIT_RETAIN_SELF = YES;
				CLANG_WARN_OBJC_LITERAL_CONVERSION = YES;
				CLANG_WARN_OBJC_ROOT_CLASS = YES_ERROR;
				CLANG_WARN_QUOTED_INCLUDE_IN_FRAMEWORK_HEADER = YES;
				CLANG_WARN_RANGE_LOOP_ANALYSIS = YES;
				CLANG_WARN_STRICT_PROTOTYPES = YES;
				CLANG_WARN_SUSPICIOUS_MOVE = YES;
				CLANG_WARN_UNGUARDED_AVAILABILITY = YES_AGGRESSIVE;
				CLANG_WARN_UNREACHABLE_CODE = YES;
				CLANG_WARN__DUPLICATE_METHOD_MATCH = YES;
				COPY_PHASE_STRIP = NO;
				DEBUG_INFORMATION_FORMAT = "dwarf-with-dsym";
				ENABLE_NS_ASSERTIONS = NO;
				ENABLE_STRICT_OBJC_MSGSEND = YES;
				GCC_C_LANGUAGE_STANDARD = gnu11;
				GCC_NO_COMMON_BLOCKS = YES;
				GCC_WARN_64_TO_32_BIT_CONVERSION = YES;
				GCC_WARN_ABOUT_RETURN_TYPE = YES_ERROR;
				GCC_WARN_UNDECLARED_SELECTOR = YES;
				GCC_WARN_UNINITIALIZED_AUTOS = YES_AGGRESSIVE;
				GCC_WARN_UNUSED_FUNCTION = YES;
				GCC_WARN_UNUSED_VARIABLE = YES;
				MTL_ENABLE_DEBUG_INFO = NO;
				MTL_FAST_MATH = YES;
				SWIFT_COMPILATION_MODE = wholemodule;
				SWIFT_OPTIMIZATION_LEVEL = "-O";
			};
			name = Release;
		};
		07E9E8B3295FF8B100029E2B /* Debug */ = {
			isa = XCBuildConfiguration;
			buildSettings = {
				ASSETCATALOG_COMPILER_APPICON_NAME = AppIcon;
				ASSETCATALOG_COMPILER_GLOBAL_ACCENT_COLOR_NAME = AccentColor;
				CODE_SIGN_ENTITLEMENTS = Symptoms/Symptoms.entitlements;
				CODE_SIGN_STYLE = Automatic;
				CURRENT_PROJECT_VERSION = 1;
				DEVELOPMENT_ASSET_PATHS = "\"Symptoms/Preview Content\"";
				DEVELOPMENT_TEAM = M3YE8Y5432;
				ENABLE_HARDENED_RUNTIME = YES;
				ENABLE_PREVIEWS = YES;
				GENERATE_INFOPLIST_FILE = YES;
				INFOPLIST_FILE = Symptoms/Info.plist;
				"INFOPLIST_KEY_UIApplicationSceneManifest_Generation[sdk=iphoneos*]" = YES;
				"INFOPLIST_KEY_UIApplicationSceneManifest_Generation[sdk=iphonesimulator*]" = YES;
				"INFOPLIST_KEY_UIApplicationSupportsIndirectInputEvents[sdk=iphoneos*]" = YES;
				"INFOPLIST_KEY_UIApplicationSupportsIndirectInputEvents[sdk=iphonesimulator*]" = YES;
				"INFOPLIST_KEY_UILaunchScreen_Generation[sdk=iphoneos*]" = YES;
				"INFOPLIST_KEY_UILaunchScreen_Generation[sdk=iphonesimulator*]" = YES;
				"INFOPLIST_KEY_UIStatusBarStyle[sdk=iphoneos*]" = UIStatusBarStyleDefault;
				"INFOPLIST_KEY_UIStatusBarStyle[sdk=iphonesimulator*]" = UIStatusBarStyleDefault;
				INFOPLIST_KEY_UISupportedInterfaceOrientations_iPad = "UIInterfaceOrientationPortrait UIInterfaceOrientationPortraitUpsideDown UIInterfaceOrientationLandscapeLeft UIInterfaceOrientationLandscapeRight";
				INFOPLIST_KEY_UISupportedInterfaceOrientations_iPhone = "UIInterfaceOrientationPortrait UIInterfaceOrientationLandscapeLeft UIInterfaceOrientationLandscapeRight";
				IPHONEOS_DEPLOYMENT_TARGET = 15.0;
				LD_RUNPATH_SEARCH_PATHS = "@executable_path/Frameworks";
				"LD_RUNPATH_SEARCH_PATHS[sdk=macosx*]" = "@executable_path/../Frameworks";
				MACOSX_DEPLOYMENT_TARGET = 13.0;
				MARKETING_VERSION = 1.0;
				PRODUCT_BUNDLE_IDENTIFIER = io.dermot.symptoms.ios;
				PRODUCT_NAME = "$(TARGET_NAME)";
				SDKROOT = auto;
				SUPPORTED_PLATFORMS = "iphoneos iphonesimulator macosx";
				SWIFT_EMIT_LOC_STRINGS = YES;
				SWIFT_VERSION = 5.0;
				TARGETED_DEVICE_FAMILY = "1,2";
			};
			name = Debug;
		};
		07E9E8B4295FF8B100029E2B /* Release */ = {
			isa = XCBuildConfiguration;
			buildSettings = {
				ASSETCATALOG_COMPILER_APPICON_NAME = AppIcon;
				ASSETCATALOG_COMPILER_GLOBAL_ACCENT_COLOR_NAME = AccentColor;
				CODE_SIGN_ENTITLEMENTS = Symptoms/Symptoms.entitlements;
				CODE_SIGN_STYLE = Automatic;
				CURRENT_PROJECT_VERSION = 1;
				DEVELOPMENT_ASSET_PATHS = "\"Symptoms/Preview Content\"";
				DEVELOPMENT_TEAM = M3YE8Y5432;
				ENABLE_HARDENED_RUNTIME = YES;
				ENABLE_PREVIEWS = YES;
				GENERATE_INFOPLIST_FILE = YES;
				INFOPLIST_FILE = Symptoms/Info.plist;
				"INFOPLIST_KEY_UIApplicationSceneManifest_Generation[sdk=iphoneos*]" = YES;
				"INFOPLIST_KEY_UIApplicationSceneManifest_Generation[sdk=iphonesimulator*]" = YES;
				"INFOPLIST_KEY_UIApplicationSupportsIndirectInputEvents[sdk=iphoneos*]" = YES;
				"INFOPLIST_KEY_UIApplicationSupportsIndirectInputEvents[sdk=iphonesimulator*]" = YES;
				"INFOPLIST_KEY_UILaunchScreen_Generation[sdk=iphoneos*]" = YES;
				"INFOPLIST_KEY_UILaunchScreen_Generation[sdk=iphonesimulator*]" = YES;
				"INFOPLIST_KEY_UIStatusBarStyle[sdk=iphoneos*]" = UIStatusBarStyleDefault;
				"INFOPLIST_KEY_UIStatusBarStyle[sdk=iphonesimulator*]" = UIStatusBarStyleDefault;
				INFOPLIST_KEY_UISupportedInterfaceOrientations_iPad = "UIInterfaceOrientationPortrait UIInterfaceOrientationPortraitUpsideDown UIInterfaceOrientationLandscapeLeft UIInterfaceOrientationLandscapeRight";
				INFOPLIST_KEY_UISupportedInterfaceOrientations_iPhone = "UIInterfaceOrientationPortrait UIInterfaceOrientationLandscapeLeft UIInterfaceOrientationLandscapeRight";
				IPHONEOS_DEPLOYMENT_TARGET = 15.0;
				LD_RUNPATH_SEARCH_PATHS = "@executable_path/Frameworks";
				"LD_RUNPATH_SEARCH_PATHS[sdk=macosx*]" = "@executable_path/../Frameworks";
				MACOSX_DEPLOYMENT_TARGET = 13.0;
				MARKETING_VERSION = 1.0;
				PRODUCT_BUNDLE_IDENTIFIER = io.dermot.symptoms.ios;
				PRODUCT_NAME = "$(TARGET_NAME)";
				SDKROOT = auto;
				SUPPORTED_PLATFORMS = "iphoneos iphonesimulator macosx";
				SWIFT_EMIT_LOC_STRINGS = YES;
				SWIFT_VERSION = 5.0;
				TARGETED_DEVICE_FAMILY = "1,2";
			};
			name = Release;
		};
		07E9E8B6295FF8B100029E2B /* Debug */ = {
			isa = XCBuildConfiguration;
			buildSettings = {
				ALWAYS_EMBED_SWIFT_STANDARD_LIBRARIES = YES;
				BUNDLE_LOADER = "$(TEST_HOST)";
				CODE_SIGN_STYLE = Automatic;
				CURRENT_PROJECT_VERSION = 1;
				DEVELOPMENT_TEAM = M3YE8Y5432;
				GENERATE_INFOPLIST_FILE = YES;
				IPHONEOS_DEPLOYMENT_TARGET = 16.1;
				MACOSX_DEPLOYMENT_TARGET = 13.0;
				MARKETING_VERSION = 1.0;
				PRODUCT_BUNDLE_IDENTIFIER = io.dermot.SymptomsTests;
				PRODUCT_NAME = "$(TARGET_NAME)";
				SDKROOT = auto;
				SUPPORTED_PLATFORMS = "iphoneos iphonesimulator macosx";
				SWIFT_EMIT_LOC_STRINGS = NO;
				SWIFT_VERSION = 5.0;
				TARGETED_DEVICE_FAMILY = "1,2";
				TEST_HOST = "$(BUILT_PRODUCTS_DIR)/Symptoms.app/$(BUNDLE_EXECUTABLE_FOLDER_PATH)/Symptoms";
			};
			name = Debug;
		};
		07E9E8B7295FF8B100029E2B /* Release */ = {
			isa = XCBuildConfiguration;
			buildSettings = {
				ALWAYS_EMBED_SWIFT_STANDARD_LIBRARIES = YES;
				BUNDLE_LOADER = "$(TEST_HOST)";
				CODE_SIGN_STYLE = Automatic;
				CURRENT_PROJECT_VERSION = 1;
				DEVELOPMENT_TEAM = M3YE8Y5432;
				GENERATE_INFOPLIST_FILE = YES;
				IPHONEOS_DEPLOYMENT_TARGET = 16.1;
				MACOSX_DEPLOYMENT_TARGET = 13.0;
				MARKETING_VERSION = 1.0;
				PRODUCT_BUNDLE_IDENTIFIER = io.dermot.SymptomsTests;
				PRODUCT_NAME = "$(TARGET_NAME)";
				SDKROOT = auto;
				SUPPORTED_PLATFORMS = "iphoneos iphonesimulator macosx";
				SWIFT_EMIT_LOC_STRINGS = NO;
				SWIFT_VERSION = 5.0;
				TARGETED_DEVICE_FAMILY = "1,2";
				TEST_HOST = "$(BUILT_PRODUCTS_DIR)/Symptoms.app/$(BUNDLE_EXECUTABLE_FOLDER_PATH)/Symptoms";
			};
			name = Release;
		};
		07E9E8B9295FF8B100029E2B /* Debug */ = {
			isa = XCBuildConfiguration;
			buildSettings = {
				ALWAYS_EMBED_SWIFT_STANDARD_LIBRARIES = YES;
				CODE_SIGN_STYLE = Automatic;
				CURRENT_PROJECT_VERSION = 1;
				DEVELOPMENT_TEAM = M3YE8Y5432;
				GENERATE_INFOPLIST_FILE = YES;
				IPHONEOS_DEPLOYMENT_TARGET = 16.1;
				MACOSX_DEPLOYMENT_TARGET = 13.0;
				MARKETING_VERSION = 1.0;
				PRODUCT_BUNDLE_IDENTIFIER = io.dermot.SymptomsUITests;
				PRODUCT_NAME = "$(TARGET_NAME)";
				SDKROOT = auto;
				SUPPORTED_PLATFORMS = "iphoneos iphonesimulator macosx";
				SWIFT_EMIT_LOC_STRINGS = NO;
				SWIFT_VERSION = 5.0;
				TARGETED_DEVICE_FAMILY = "1,2";
				TEST_TARGET_NAME = Symptoms;
			};
			name = Debug;
		};
		07E9E8BA295FF8B100029E2B /* Release */ = {
			isa = XCBuildConfiguration;
			buildSettings = {
				ALWAYS_EMBED_SWIFT_STANDARD_LIBRARIES = YES;
				CODE_SIGN_STYLE = Automatic;
				CURRENT_PROJECT_VERSION = 1;
				DEVELOPMENT_TEAM = M3YE8Y5432;
				GENERATE_INFOPLIST_FILE = YES;
				IPHONEOS_DEPLOYMENT_TARGET = 16.1;
				MACOSX_DEPLOYMENT_TARGET = 13.0;
				MARKETING_VERSION = 1.0;
				PRODUCT_BUNDLE_IDENTIFIER = io.dermot.SymptomsUITests;
				PRODUCT_NAME = "$(TARGET_NAME)";
				SDKROOT = auto;
				SUPPORTED_PLATFORMS = "iphoneos iphonesimulator macosx";
				SWIFT_EMIT_LOC_STRINGS = NO;
				SWIFT_VERSION = 5.0;
				TARGETED_DEVICE_FAMILY = "1,2";
				TEST_TARGET_NAME = Symptoms;
			};
			name = Release;
		};
		07E9E90F295FFB9D00029E2B /* Debug */ = {
			isa = XCBuildConfiguration;
			buildSettings = {
				ASSETCATALOG_COMPILER_APPICON_NAME = AppIcon;
				ASSETCATALOG_COMPILER_GLOBAL_ACCENT_COLOR_NAME = AccentColor;
				CODE_SIGN_ENTITLEMENTS = "SymptomsWatch Watch App/SymptomsWatch Watch App.entitlements";
				CODE_SIGN_STYLE = Automatic;
				CURRENT_PROJECT_VERSION = 1;
				DEVELOPMENT_ASSET_PATHS = "\"SymptomsWatch Watch App/Preview Content\"";
				DEVELOPMENT_TEAM = M3YE8Y5432;
				ENABLE_PREVIEWS = YES;
				GENERATE_INFOPLIST_FILE = YES;
				INFOPLIST_KEY_CFBundleDisplayName = SymptomsWatch;
				INFOPLIST_KEY_UISupportedInterfaceOrientations = "UIInterfaceOrientationPortrait UIInterfaceOrientationPortraitUpsideDown";
				INFOPLIST_KEY_WKCompanionAppBundleIdentifier = "";
				LD_RUNPATH_SEARCH_PATHS = (
					"$(inherited)",
					"@executable_path/Frameworks",
				);
				MARKETING_VERSION = 1.0;
				PRODUCT_BUNDLE_IDENTIFIER = io.dermot.symptoms.watchapp;
				PRODUCT_NAME = "$(TARGET_NAME)";
				SDKROOT = watchos;
				SKIP_INSTALL = YES;
				SWIFT_EMIT_LOC_STRINGS = YES;
				SWIFT_VERSION = 5.0;
				TARGETED_DEVICE_FAMILY = 4;
				WATCHOS_DEPLOYMENT_TARGET = 9.1;
			};
			name = Debug;
		};
		07E9E910295FFB9D00029E2B /* Release */ = {
			isa = XCBuildConfiguration;
			buildSettings = {
				ASSETCATALOG_COMPILER_APPICON_NAME = AppIcon;
				ASSETCATALOG_COMPILER_GLOBAL_ACCENT_COLOR_NAME = AccentColor;
				CODE_SIGN_ENTITLEMENTS = "SymptomsWatch Watch App/SymptomsWatch Watch App.entitlements";
				CODE_SIGN_STYLE = Automatic;
				CURRENT_PROJECT_VERSION = 1;
				DEVELOPMENT_ASSET_PATHS = "\"SymptomsWatch Watch App/Preview Content\"";
				DEVELOPMENT_TEAM = M3YE8Y5432;
				ENABLE_PREVIEWS = YES;
				GENERATE_INFOPLIST_FILE = YES;
				INFOPLIST_KEY_CFBundleDisplayName = SymptomsWatch;
				INFOPLIST_KEY_UISupportedInterfaceOrientations = "UIInterfaceOrientationPortrait UIInterfaceOrientationPortraitUpsideDown";
				INFOPLIST_KEY_WKCompanionAppBundleIdentifier = "";
				LD_RUNPATH_SEARCH_PATHS = (
					"$(inherited)",
					"@executable_path/Frameworks",
				);
				MARKETING_VERSION = 1.0;
				PRODUCT_BUNDLE_IDENTIFIER = io.dermot.symptoms.watchapp;
				PRODUCT_NAME = "$(TARGET_NAME)";
				SDKROOT = watchos;
				SKIP_INSTALL = YES;
				SWIFT_EMIT_LOC_STRINGS = YES;
				SWIFT_VERSION = 5.0;
				TARGETED_DEVICE_FAMILY = 4;
				VALIDATE_PRODUCT = YES;
				WATCHOS_DEPLOYMENT_TARGET = 9.1;
			};
			name = Release;
		};
		07E9E912295FFB9D00029E2B /* Debug */ = {
			isa = XCBuildConfiguration;
			buildSettings = {
				ALWAYS_EMBED_SWIFT_STANDARD_LIBRARIES = YES;
				BUNDLE_LOADER = "$(TEST_HOST)";
				CODE_SIGN_STYLE = Automatic;
				CURRENT_PROJECT_VERSION = 1;
				DEVELOPMENT_TEAM = M3YE8Y5432;
				GENERATE_INFOPLIST_FILE = YES;
				MARKETING_VERSION = 1.0;
				PRODUCT_BUNDLE_IDENTIFIER = "io.dermot.SymptomsWatch-Watch-AppTests";
				PRODUCT_NAME = "$(TARGET_NAME)";
				SDKROOT = watchos;
				SWIFT_EMIT_LOC_STRINGS = NO;
				SWIFT_VERSION = 5.0;
				TARGETED_DEVICE_FAMILY = 4;
				TEST_HOST = "$(BUILT_PRODUCTS_DIR)/SymptomsWatch Watch App.app/$(BUNDLE_EXECUTABLE_FOLDER_PATH)/SymptomsWatch Watch App";
				WATCHOS_DEPLOYMENT_TARGET = 9.1;
			};
			name = Debug;
		};
		07E9E913295FFB9D00029E2B /* Release */ = {
			isa = XCBuildConfiguration;
			buildSettings = {
				ALWAYS_EMBED_SWIFT_STANDARD_LIBRARIES = YES;
				BUNDLE_LOADER = "$(TEST_HOST)";
				CODE_SIGN_STYLE = Automatic;
				CURRENT_PROJECT_VERSION = 1;
				DEVELOPMENT_TEAM = M3YE8Y5432;
				GENERATE_INFOPLIST_FILE = YES;
				MARKETING_VERSION = 1.0;
				PRODUCT_BUNDLE_IDENTIFIER = "io.dermot.SymptomsWatch-Watch-AppTests";
				PRODUCT_NAME = "$(TARGET_NAME)";
				SDKROOT = watchos;
				SWIFT_EMIT_LOC_STRINGS = NO;
				SWIFT_VERSION = 5.0;
				TARGETED_DEVICE_FAMILY = 4;
				TEST_HOST = "$(BUILT_PRODUCTS_DIR)/SymptomsWatch Watch App.app/$(BUNDLE_EXECUTABLE_FOLDER_PATH)/SymptomsWatch Watch App";
				VALIDATE_PRODUCT = YES;
				WATCHOS_DEPLOYMENT_TARGET = 9.1;
			};
			name = Release;
		};
		07E9E915295FFB9D00029E2B /* Debug */ = {
			isa = XCBuildConfiguration;
			buildSettings = {
				ALWAYS_EMBED_SWIFT_STANDARD_LIBRARIES = YES;
				CODE_SIGN_STYLE = Automatic;
				CURRENT_PROJECT_VERSION = 1;
				DEVELOPMENT_TEAM = M3YE8Y5432;
				GENERATE_INFOPLIST_FILE = YES;
				MARKETING_VERSION = 1.0;
				PRODUCT_BUNDLE_IDENTIFIER = "io.dermot.SymptomsWatch-Watch-AppUITests";
				PRODUCT_NAME = "$(TARGET_NAME)";
				SDKROOT = watchos;
				SWIFT_EMIT_LOC_STRINGS = NO;
				SWIFT_VERSION = 5.0;
				TARGETED_DEVICE_FAMILY = 4;
				TEST_TARGET_NAME = "SymptomsWatch Watch App";
				WATCHOS_DEPLOYMENT_TARGET = 9.1;
			};
			name = Debug;
		};
		07E9E916295FFB9D00029E2B /* Release */ = {
			isa = XCBuildConfiguration;
			buildSettings = {
				ALWAYS_EMBED_SWIFT_STANDARD_LIBRARIES = YES;
				CODE_SIGN_STYLE = Automatic;
				CURRENT_PROJECT_VERSION = 1;
				DEVELOPMENT_TEAM = M3YE8Y5432;
				GENERATE_INFOPLIST_FILE = YES;
				MARKETING_VERSION = 1.0;
				PRODUCT_BUNDLE_IDENTIFIER = "io.dermot.SymptomsWatch-Watch-AppUITests";
				PRODUCT_NAME = "$(TARGET_NAME)";
				SDKROOT = watchos;
				SWIFT_EMIT_LOC_STRINGS = NO;
				SWIFT_VERSION = 5.0;
				TARGETED_DEVICE_FAMILY = 4;
				TEST_TARGET_NAME = "SymptomsWatch Watch App";
				VALIDATE_PRODUCT = YES;
				WATCHOS_DEPLOYMENT_TARGET = 9.1;
			};
			name = Release;
		};
/* End XCBuildConfiguration section */

/* Begin XCConfigurationList section */
		07E9E888295FF8AD00029E2B /* Build configuration list for PBXProject "Symptoms" */ = {
			isa = XCConfigurationList;
			buildConfigurations = (
				07E9E8B0295FF8B100029E2B /* Debug */,
				07E9E8B1295FF8B100029E2B /* Release */,
			);
			defaultConfigurationIsVisible = 0;
			defaultConfigurationName = Release;
		};
		07E9E8B2295FF8B100029E2B /* Build configuration list for PBXNativeTarget "Symptoms" */ = {
			isa = XCConfigurationList;
			buildConfigurations = (
				07E9E8B3295FF8B100029E2B /* Debug */,
				07E9E8B4295FF8B100029E2B /* Release */,
			);
			defaultConfigurationIsVisible = 0;
			defaultConfigurationName = Release;
		};
		07E9E8B5295FF8B100029E2B /* Build configuration list for PBXNativeTarget "SymptomsTests" */ = {
			isa = XCConfigurationList;
			buildConfigurations = (
				07E9E8B6295FF8B100029E2B /* Debug */,
				07E9E8B7295FF8B100029E2B /* Release */,
			);
			defaultConfigurationIsVisible = 0;
			defaultConfigurationName = Release;
		};
		07E9E8B8295FF8B100029E2B /* Build configuration list for PBXNativeTarget "SymptomsUITests" */ = {
			isa = XCConfigurationList;
			buildConfigurations = (
				07E9E8B9295FF8B100029E2B /* Debug */,
				07E9E8BA295FF8B100029E2B /* Release */,
			);
			defaultConfigurationIsVisible = 0;
			defaultConfigurationName = Release;
		};
		07E9E90E295FFB9D00029E2B /* Build configuration list for PBXNativeTarget "SymptomsWatch Watch App" */ = {
			isa = XCConfigurationList;
			buildConfigurations = (
				07E9E90F295FFB9D00029E2B /* Debug */,
				07E9E910295FFB9D00029E2B /* Release */,
			);
			defaultConfigurationIsVisible = 0;
			defaultConfigurationName = Release;
		};
		07E9E911295FFB9D00029E2B /* Build configuration list for PBXNativeTarget "SymptomsWatch Watch AppTests" */ = {
			isa = XCConfigurationList;
			buildConfigurations = (
				07E9E912295FFB9D00029E2B /* Debug */,
				07E9E913295FFB9D00029E2B /* Release */,
			);
			defaultConfigurationIsVisible = 0;
			defaultConfigurationName = Release;
		};
		07E9E914295FFB9D00029E2B /* Build configuration list for PBXNativeTarget "SymptomsWatch Watch AppUITests" */ = {
			isa = XCConfigurationList;
			buildConfigurations = (
				07E9E915295FFB9D00029E2B /* Debug */,
				07E9E916295FFB9D00029E2B /* Release */,
			);
			defaultConfigurationIsVisible = 0;
			defaultConfigurationName = Release;
		};
/* End XCConfigurationList section */

/* Begin XCRemoteSwiftPackageReference section */
		07E9E91D296270F900029E2B /* XCRemoteSwiftPackageReference "CocoaLumberjack" */ = {
			isa = XCRemoteSwiftPackageReference;
			repositoryURL = "https://github.com/CocoaLumberjack/CocoaLumberjack";
			requirement = {
				kind = upToNextMajorVersion;
				minimumVersion = 3.0.0;
			};
		};
		07E9E923296276DA00029E2B /* XCRemoteSwiftPackageReference "HealthStore" */ = {
			isa = XCRemoteSwiftPackageReference;
			repositoryURL = "https://github.com/dermotos/HealthStore";
			requirement = {
				branch = main;
				kind = branch;
			};
		};
/* End XCRemoteSwiftPackageReference section */

/* Begin XCSwiftPackageProductDependency section */
		0736EE672962965900ABDE8F /* HealthStore */ = {
			isa = XCSwiftPackageProductDependency;
			productName = HealthStore;
		};
		0736EE692962966D00ABDE8F /* CocoaLumberjack */ = {
			isa = XCSwiftPackageProductDependency;
			package = 07E9E91D296270F900029E2B /* XCRemoteSwiftPackageReference "CocoaLumberjack" */;
			productName = CocoaLumberjack;
		};
		0736EE6B2962966D00ABDE8F /* CocoaLumberjackSwift */ = {
			isa = XCSwiftPackageProductDependency;
			package = 07E9E91D296270F900029E2B /* XCRemoteSwiftPackageReference "CocoaLumberjack" */;
			productName = CocoaLumberjackSwift;
		};
		07E9E91E296270F900029E2B /* CocoaLumberjack */ = {
			isa = XCSwiftPackageProductDependency;
			package = 07E9E91D296270F900029E2B /* XCRemoteSwiftPackageReference "CocoaLumberjack" */;
			productName = CocoaLumberjack;
		};
		07E9E920296270F900029E2B /* CocoaLumberjackSwift */ = {
			isa = XCSwiftPackageProductDependency;
			package = 07E9E91D296270F900029E2B /* XCRemoteSwiftPackageReference "CocoaLumberjack" */;
			productName = CocoaLumberjackSwift;
		};
		07E9E924296276DA00029E2B /* HealthStore */ = {
			isa = XCSwiftPackageProductDependency;
			package = 07E9E923296276DA00029E2B /* XCRemoteSwiftPackageReference "HealthStore" */;
			productName = HealthStore;
		};
/* End XCSwiftPackageProductDependency section */
	};
	rootObject = 07E9E885295FF8AD00029E2B /* Project object */;
}
